
Microsoft Visual Studio Solution File, Format Version 12.00
# Visual Studio Version 17
VisualStudioVersion = 17.9.34728.123
MinimumVisualStudioVersion = 10.0.40219.1
Project("{FAE04EC0-301F-11D3-BF4B-00C04F79EFBC}") = "ClaimsPortal.Data", "ClaimsPortal.Data\ClaimsPortal.Data.csproj", "{CF2EDEBE-48CF-4EF2-A99A-7C86AA085A4F}"
EndProject
Project("{FAE04EC0-301F-11D3-BF4B-00C04F79EFBC}") = "ClaimsPortal.Service", "ClaimsPortal.Service\ClaimsPortal.Service.csproj", "{9515F4D7-B4D5-4744-8C72-2F47A18B39E1}"
EndProject
Project("{FAE04EC0-301F-11D3-BF4B-00C04F79EFBC}") = "ClaimsPortal.Web", "ClaimsPortal.Web\ClaimsPortal.Web.csproj", "{DB42576B-E92D-4433-9163-9D5884CD4CDB}"
EndProject
Global
	GlobalSection(SolutionConfigurationPlatforms) = preSolution
		Debug|Any CPU = Debug|Any CPU
		Release|Any CPU = Release|Any CPU
	EndGlobalSection
	GlobalSection(ProjectConfigurationPlatforms) = postSolution
		{CF2EDEBE-48CF-4EF2-A99A-7C86AA085A4F}.Debug|Any CPU.ActiveCfg = Debug|Any CPU
		{CF2EDEBE-48CF-4EF2-A99A-7C86AA085A4F}.Debug|Any CPU.Build.0 = Debug|Any CPU
		{CF2EDEBE-48CF-4EF2-A99A-7C86AA085A4F}.Release|Any CPU.ActiveCfg = Release|Any CPU
		{CF2EDEBE-48CF-4EF2-A99A-7C86AA085A4F}.Release|Any CPU.Build.0 = Release|Any CPU
		{9515F4D7-B4D5-4744-8C72-2F47A18B39E1}.Debug|Any CPU.ActiveCfg = Debug|Any CPU
		{9515F4D7-B4D5-4744-8C72-2F47A18B39E1}.Debug|Any CPU.Build.0 = Debug|Any CPU
		{9515F4D7-B4D5-4744-8C72-2F47A18B39E1}.Release|Any CPU.ActiveCfg = Release|Any CPU
		{9515F4D7-B4D5-4744-8C72-2F47A18B39E1}.Release|Any CPU.Build.0 = Release|Any CPU
		{DB42576B-E92D-4433-9163-9D5884CD4CDB}.Debug|Any CPU.ActiveCfg = Debug|Any CPU
		{DB42576B-E92D-4433-9163-9D5884CD4CDB}.Debug|Any CPU.Build.0 = Debug|Any CPU
		{DB42576B-E92D-4433-9163-9D5884CD4CDB}.Release|Any CPU.ActiveCfg = Release|Any CPU
		{DB42576B-E92D-4433-9163-9D5884CD4CDB}.Release|Any CPU.Build.0 = Release|Any CPU
	EndGlobalSection
	GlobalSection(SolutionProperties) = preSolution
		HideSolutionNode = FALSE
	EndGlobalSection
	GlobalSection(ExtensibilityGlobals) = postSolution
		SolutionGuid = {D047D12A-899C-4DE0-B5B4-68ED236E0483}
	EndGlobalSection
EndGlobal
